
Microsoft Visual Studio Solution File, Format Version 12.00
# Visual Studio 14
VisualStudioVersion = 14.0.25420.1
MinimumVisualStudioVersion = 10.0.40219.1
Project("{FAE04EC0-301F-11D3-BF4B-00C04F79EFBC}") = "FlexHopper", "FlexHopper\FlexHopper.csproj", "{64EA3E8C-CB27-47D3-9E61-0D45AF53596B}"
EndProject
Project("{8BC9CEB8-8B4A-11D0-8D11-00A0C91BC942}") = "FlexCLI", "FlexCLI\FlexCLI.vcxproj", "{46E3CC71-88C4-44D4-AFCE-F09B745B9991}"
EndProject
Global
	GlobalSection(SolutionConfigurationPlatforms) = preSolution
		Debug|Any CPU = Debug|Any CPU
		Debug|x64 = Debug|x64
		Debug|x86 = Debug|x86
		Debug32|Any CPU = Debug32|Any CPU
		Debug32|x64 = Debug32|x64
		Debug32|x86 = Debug32|x86
		Debug64|Any CPU = Debug64|Any CPU
		Debug64|x64 = Debug64|x64
		Debug64|x86 = Debug64|x86
		Release|Any CPU = Release|Any CPU
		Release|x64 = Release|x64
		Release|x86 = Release|x86
	EndGlobalSection
	GlobalSection(ProjectConfigurationPlatforms) = postSolution
		{64EA3E8C-CB27-47D3-9E61-0D45AF53596B}.Debug|Any CPU.ActiveCfg = Debug64|Any CPU
		{64EA3E8C-CB27-47D3-9E61-0D45AF53596B}.Debug|Any CPU.Build.0 = Debug64|Any CPU
		{64EA3E8C-CB27-47D3-9E61-0D45AF53596B}.Debug|x64.ActiveCfg = Debug64|x64
		{64EA3E8C-CB27-47D3-9E61-0D45AF53596B}.Debug|x64.Build.0 = Debug64|x64
		{64EA3E8C-CB27-47D3-9E61-0D45AF53596B}.Debug|x86.ActiveCfg = Debug64|Any CPU
		{64EA3E8C-CB27-47D3-9E61-0D45AF53596B}.Debug|x86.Build.0 = Debug64|Any CPU
		{64EA3E8C-CB27-47D3-9E61-0D45AF53596B}.Debug32|Any CPU.ActiveCfg = Debug32|Any CPU
		{64EA3E8C-CB27-47D3-9E61-0D45AF53596B}.Debug32|Any CPU.Build.0 = Debug32|Any CPU
		{64EA3E8C-CB27-47D3-9E61-0D45AF53596B}.Debug32|x64.ActiveCfg = Debug32|Any CPU
		{64EA3E8C-CB27-47D3-9E61-0D45AF53596B}.Debug32|x64.Build.0 = Debug32|Any CPU
		{64EA3E8C-CB27-47D3-9E61-0D45AF53596B}.Debug32|x86.ActiveCfg = Debug32|Any CPU
		{64EA3E8C-CB27-47D3-9E61-0D45AF53596B}.Debug32|x86.Build.0 = Debug32|Any CPU
		{64EA3E8C-CB27-47D3-9E61-0D45AF53596B}.Debug64|Any CPU.ActiveCfg = Debug64|Any CPU
		{64EA3E8C-CB27-47D3-9E61-0D45AF53596B}.Debug64|Any CPU.Build.0 = Debug64|Any CPU
		{64EA3E8C-CB27-47D3-9E61-0D45AF53596B}.Debug64|x64.ActiveCfg = Debug64|Any CPU
		{64EA3E8C-CB27-47D3-9E61-0D45AF53596B}.Debug64|x64.Build.0 = Debug64|Any CPU
		{64EA3E8C-CB27-47D3-9E61-0D45AF53596B}.Debug64|x86.ActiveCfg = Debug64|Any CPU
		{64EA3E8C-CB27-47D3-9E61-0D45AF53596B}.Debug64|x86.Build.0 = Debug64|Any CPU
		{64EA3E8C-CB27-47D3-9E61-0D45AF53596B}.Release|Any CPU.ActiveCfg = Release|Any CPU
		{64EA3E8C-CB27-47D3-9E61-0D45AF53596B}.Release|Any CPU.Build.0 = Release|Any CPU
		{64EA3E8C-CB27-47D3-9E61-0D45AF53596B}.Release|x64.ActiveCfg = Release|Any CPU
		{64EA3E8C-CB27-47D3-9E61-0D45AF53596B}.Release|x64.Build.0 = Release|Any CPU
		{64EA3E8C-CB27-47D3-9E61-0D45AF53596B}.Release|x86.ActiveCfg = Release|Any CPU
		{64EA3E8C-CB27-47D3-9E61-0D45AF53596B}.Release|x86.Build.0 = Release|Any CPU
		{46E3CC71-88C4-44D4-AFCE-F09B745B9991}.Debug|Any CPU.ActiveCfg = Debug|Win32
		{46E3CC71-88C4-44D4-AFCE-F09B745B9991}.Debug|x64.ActiveCfg = Debug|x64
		{46E3CC71-88C4-44D4-AFCE-F09B745B9991}.Debug|x64.Build.0 = Debug|x64
		{46E3CC71-88C4-44D4-AFCE-F09B745B9991}.Debug|x86.ActiveCfg = Debug|Win32
		{46E3CC71-88C4-44D4-AFCE-F09B745B9991}.Debug|x86.Build.0 = Debug|Win32
		{46E3CC71-88C4-44D4-AFCE-F09B745B9991}.Debug32|Any CPU.ActiveCfg = Release|x64
		{46E3CC71-88C4-44D4-AFCE-F09B745B9991}.Debug32|Any CPU.Build.0 = Release|x64
		{46E3CC71-88C4-44D4-AFCE-F09B745B9991}.Debug32|x64.ActiveCfg = Debug|x64
		{46E3CC71-88C4-44D4-AFCE-F09B745B9991}.Debug32|x64.Build.0 = Debug|x64
		{46E3CC71-88C4-44D4-AFCE-F09B745B9991}.Debug32|x86.ActiveCfg = Debug|Win32
		{46E3CC71-88C4-44D4-AFCE-F09B745B9991}.Debug32|x86.Build.0 = Debug|Win32
		{46E3CC71-88C4-44D4-AFCE-F09B745B9991}.Debug64|Any CPU.ActiveCfg = Release|x64
		{46E3CC71-88C4-44D4-AFCE-F09B745B9991}.Debug64|Any CPU.Build.0 = Release|x64
		{46E3CC71-88C4-44D4-AFCE-F09B745B9991}.Debug64|x64.ActiveCfg = Debug|x64
		{46E3CC71-88C4-44D4-AFCE-F09B745B9991}.Debug64|x64.Build.0 = Debug|x64
		{46E3CC71-88C4-44D4-AFCE-F09B745B9991}.Debug64|x86.ActiveCfg = Debug|Win32
		{46E3CC71-88C4-44D4-AFCE-F09B745B9991}.Debug64|x86.Build.0 = Debug|Win32
		{46E3CC71-88C4-44D4-AFCE-F09B745B9991}.Release|Any CPU.ActiveCfg = Release|Win32
		{46E3CC71-88C4-44D4-AFCE-F09B745B9991}.Release|x64.ActiveCfg = Release|x64
		{46E3CC71-88C4-44D4-AFCE-F09B745B9991}.Release|x64.Build.0 = Release|x64
		{46E3CC71-88C4-44D4-AFCE-F09B745B9991}.Release|x86.ActiveCfg = Release|Win32
		{46E3CC71-88C4-44D4-AFCE-F09B745B9991}.Release|x86.Build.0 = Release|Win32
	EndGlobalSection
	GlobalSection(SolutionProperties) = preSolution
		HideSolutionNode = FALSE
	EndGlobalSection
EndGlobal
